<Solution>
  <Project Path="TB5.Layer.Domain/TB5.Layer.Domain.csproj" />
  <Project Path="TB5.NLayer.AdoDotNet/TB5.NLayer.AdoDotNet.csproj" />
  <Project Path="TB5.NLayer.ConsoleApp/TB5.NLayer.ConsoleApp.csproj" />
  <Project Path="TB5.NLayer.Dapper/TB5.NLayer.Dapper.csproj" />
  <Project Path="TB5.NLayer.Database/TB5.NLayer.Database.csproj" />
  <Project Path="TB5.NLayer.MinimalAPI/TB5.NLayer.MinimalAPI.csproj" />
  <Project Path="TB5.NLayer.WebAPI/TB5.NLayer.WebAPI.csproj" />
</Solution>
